
Microsoft Visual Studio Solution File, Format Version 12.00
# Visual Studio 14
VisualStudioVersion = 14.0.23107.0
MinimumVisualStudioVersion = 10.0.40219.1
Project("{FAE04EC0-301F-11D3-BF4B-00C04F79EFBC}") = "BugSim", "BugSim\BugSim.csproj", "{6E1EC574-ABEE-4D5C-AC6D-A31131A541BC}"
EndProject
Project("{FAE04EC0-301F-11D3-BF4B-00C04F79EFBC}") = "TestApp", "TestApp\TestApp.csproj", "{DA47C95B-F65A-43C0-9453-D3D2D2924864}"
EndProject
Project("{FAE04EC0-301F-11D3-BF4B-00C04F79EFBC}") = "BugSim.UI", "BugSim.UI\BugSim.UI.csproj", "{34CA430C-A6DA-4FE9-9DE9-714B6EDFB7E1}"
EndProject
Global
	GlobalSection(Performance) = preSolution
		HasPerformanceSessions = true
	EndGlobalSection
	GlobalSection(SolutionConfigurationPlatforms) = preSolution
		Debug|Any CPU = Debug|Any CPU
		Debug|x86 = Debug|x86
		Release|Any CPU = Release|Any CPU
		Release|x86 = Release|x86
	EndGlobalSection
	GlobalSection(ProjectConfigurationPlatforms) = postSolution
		{6E1EC574-ABEE-4D5C-AC6D-A31131A541BC}.Debug|Any CPU.ActiveCfg = Debug|Any CPU
		{6E1EC574-ABEE-4D5C-AC6D-A31131A541BC}.Debug|Any CPU.Build.0 = Debug|Any CPU
		{6E1EC574-ABEE-4D5C-AC6D-A31131A541BC}.Debug|x86.ActiveCfg = Debug|Any CPU
		{6E1EC574-ABEE-4D5C-AC6D-A31131A541BC}.Debug|x86.Build.0 = Debug|Any CPU
		{6E1EC574-ABEE-4D5C-AC6D-A31131A541BC}.Release|Any CPU.ActiveCfg = Release|Any CPU
		{6E1EC574-ABEE-4D5C-AC6D-A31131A541BC}.Release|Any CPU.Build.0 = Release|Any CPU
		{6E1EC574-ABEE-4D5C-AC6D-A31131A541BC}.Release|x86.ActiveCfg = Release|Any CPU
		{6E1EC574-ABEE-4D5C-AC6D-A31131A541BC}.Release|x86.Build.0 = Release|Any CPU
		{DA47C95B-F65A-43C0-9453-D3D2D2924864}.Debug|Any CPU.ActiveCfg = Debug|Any CPU
		{DA47C95B-F65A-43C0-9453-D3D2D2924864}.Debug|Any CPU.Build.0 = Debug|Any CPU
		{DA47C95B-F65A-43C0-9453-D3D2D2924864}.Debug|x86.ActiveCfg = Debug|Any CPU
		{DA47C95B-F65A-43C0-9453-D3D2D2924864}.Debug|x86.Build.0 = Debug|Any CPU
		{DA47C95B-F65A-43C0-9453-D3D2D2924864}.Release|Any CPU.ActiveCfg = Release|Any CPU
		{DA47C95B-F65A-43C0-9453-D3D2D2924864}.Release|Any CPU.Build.0 = Release|Any CPU
		{DA47C95B-F65A-43C0-9453-D3D2D2924864}.Release|x86.ActiveCfg = Release|Any CPU
		{DA47C95B-F65A-43C0-9453-D3D2D2924864}.Release|x86.Build.0 = Release|Any CPU
		{34CA430C-A6DA-4FE9-9DE9-714B6EDFB7E1}.Debug|Any CPU.ActiveCfg = Debug|x86
		{34CA430C-A6DA-4FE9-9DE9-714B6EDFB7E1}.Debug|x86.ActiveCfg = Debug|x86
		{34CA430C-A6DA-4FE9-9DE9-714B6EDFB7E1}.Debug|x86.Build.0 = Debug|x86
		{34CA430C-A6DA-4FE9-9DE9-714B6EDFB7E1}.Release|Any CPU.ActiveCfg = Release|x86
		{34CA430C-A6DA-4FE9-9DE9-714B6EDFB7E1}.Release|x86.ActiveCfg = Release|x86
		{34CA430C-A6DA-4FE9-9DE9-714B6EDFB7E1}.Release|x86.Build.0 = Release|x86
	EndGlobalSection
	GlobalSection(SolutionProperties) = preSolution
		HideSolutionNode = FALSE
	EndGlobalSection
EndGlobal
